
Microsoft Visual Studio Solution File, Format Version 12.00
# Visual Studio 15
VisualStudioVersion = 15.0.28307.572
MinimumVisualStudioVersion = 10.0.40219.1
Project("{FAE04EC0-301F-11D3-BF4B-00C04F79EFBC}") = "Ex02_Othelo", "Ex02_Othelo\Ex02_Othelo.csproj", "{3F17BCF0-BF9A-4AB1-BF0F-DC8B809308C9}"
EndProject
Global
	GlobalSection(SolutionConfigurationPlatforms) = preSolution
		Debug|Any CPU = Debug|Any CPU
		Release|Any CPU = Release|Any CPU
	EndGlobalSection
	GlobalSection(ProjectConfigurationPlatforms) = postSolution
		{3F17BCF0-BF9A-4AB1-BF0F-DC8B809308C9}.Debug|Any CPU.ActiveCfg = Debug|Any CPU
		{3F17BCF0-BF9A-4AB1-BF0F-DC8B809308C9}.Debug|Any CPU.Build.0 = Debug|Any CPU
		{3F17BCF0-BF9A-4AB1-BF0F-DC8B809308C9}.Release|Any CPU.ActiveCfg = Release|Any CPU
		{3F17BCF0-BF9A-4AB1-BF0F-DC8B809308C9}.Release|Any CPU.Build.0 = Release|Any CPU
	EndGlobalSection
	GlobalSection(SolutionProperties) = preSolution
		HideSolutionNode = FALSE
	EndGlobalSection
	GlobalSection(ExtensibilityGlobals) = postSolution
		SolutionGuid = {D14F71FC-8CBF-4677-B76A-14AAE992528E}
	EndGlobalSection
EndGlobal
